
Microsoft Visual Studio Solution File, Format Version 12.00
# Visual Studio Version 17
VisualStudioVersion = 17.8.34330.188
MinimumVisualStudioVersion = 10.0.40219.1
Project("{9A19103F-16F7-4668-BE54-9A1E7A4F7556}") = "ConversorCelciusFahrenheit", "Conversor.Celcius.Fahrenheit\ConversorCelciusFahrenheit.csproj", "{A1971CC3-F79C-43A0-9181-83EC6FAD0517}"
EndProject
Project("{9A19103F-16F7-4668-BE54-9A1E7A4F7556}") = "UI", "UI\UI.csproj", "{4320A3DC-8F8E-4EB5-A7F2-DB18CE5393FD}"
	ProjectSection(ProjectDependencies) = postProject
		{8BC9EB22-103F-439B-AC04-B33E9EAF7F3A} = {8BC9EB22-103F-439B-AC04-B33E9EAF7F3A}
		{C8BD068D-6298-4CBB-9B95-8EFB4A4DE4D4} = {C8BD068D-6298-4CBB-9B95-8EFB4A4DE4D4}
	EndProjectSection
EndProject
Project("{9A19103F-16F7-4668-BE54-9A1E7A4F7556}") = "VerificadorNumerosPrimos", "VerificadorNumerosPrimos\VerificadorNumerosPrimos.csproj", "{6419FCC1-2179-4B7B-96E9-B95ED900239A}"
EndProject
Project("{9A19103F-16F7-4668-BE54-9A1E7A4F7556}") = "CalculadorFatorial", "CalculadorFatorial\CalculadorFatorial.csproj", "{8BC9EB22-103F-439B-AC04-B33E9EAF7F3A}"
EndProject
Project("{9A19103F-16F7-4668-BE54-9A1E7A4F7556}") = "OrganizadorArray", "OrganizaArray\OrganizadorArray.csproj", "{C8BD068D-6298-4CBB-9B95-8EFB4A4DE4D4}"
EndProject
Project("{9A19103F-16F7-4668-BE54-9A1E7A4F7556}") = "VerificadorPalindromo", "VerificadorPalindromo\VerificadorPalindromo.csproj", "{56E6C525-1DA1-43F5-92EA-FC776CD30D5D}"
EndProject
Project("{9A19103F-16F7-4668-BE54-9A1E7A4F7556}") = "CalculaRaizQuadrada", "CalculaRaizQuadrada\CalculaRaizQuadrada.csproj", "{3E0A0338-DA59-470F-8F51-0257264F4F70}"
EndProject
Project("{FAE04EC0-301F-11D3-BF4B-00C04F79EFBC}") = "ConversorRealDolar", "ConversorRealDolar\ConversorRealDolar.csproj", "{94B751CE-73F7-433A-86F8-0DCE646E6BC9}"
EndProject
Global
	GlobalSection(SolutionConfigurationPlatforms) = preSolution
		Debug|Any CPU = Debug|Any CPU
		Release|Any CPU = Release|Any CPU
	EndGlobalSection
	GlobalSection(ProjectConfigurationPlatforms) = postSolution
		{A1971CC3-F79C-43A0-9181-83EC6FAD0517}.Debug|Any CPU.ActiveCfg = Debug|Any CPU
		{A1971CC3-F79C-43A0-9181-83EC6FAD0517}.Debug|Any CPU.Build.0 = Debug|Any CPU
		{A1971CC3-F79C-43A0-9181-83EC6FAD0517}.Release|Any CPU.ActiveCfg = Release|Any CPU
		{A1971CC3-F79C-43A0-9181-83EC6FAD0517}.Release|Any CPU.Build.0 = Release|Any CPU
		{4320A3DC-8F8E-4EB5-A7F2-DB18CE5393FD}.Debug|Any CPU.ActiveCfg = Debug|Any CPU
		{4320A3DC-8F8E-4EB5-A7F2-DB18CE5393FD}.Debug|Any CPU.Build.0 = Debug|Any CPU
		{4320A3DC-8F8E-4EB5-A7F2-DB18CE5393FD}.Release|Any CPU.ActiveCfg = Release|Any CPU
		{4320A3DC-8F8E-4EB5-A7F2-DB18CE5393FD}.Release|Any CPU.Build.0 = Release|Any CPU
		{6419FCC1-2179-4B7B-96E9-B95ED900239A}.Debug|Any CPU.ActiveCfg = Debug|Any CPU
		{6419FCC1-2179-4B7B-96E9-B95ED900239A}.Debug|Any CPU.Build.0 = Debug|Any CPU
		{6419FCC1-2179-4B7B-96E9-B95ED900239A}.Release|Any CPU.ActiveCfg = Release|Any CPU
		{6419FCC1-2179-4B7B-96E9-B95ED900239A}.Release|Any CPU.Build.0 = Release|Any CPU
		{8BC9EB22-103F-439B-AC04-B33E9EAF7F3A}.Debug|Any CPU.ActiveCfg = Debug|Any CPU
		{8BC9EB22-103F-439B-AC04-B33E9EAF7F3A}.Debug|Any CPU.Build.0 = Debug|Any CPU
		{8BC9EB22-103F-439B-AC04-B33E9EAF7F3A}.Release|Any CPU.ActiveCfg = Release|Any CPU
		{8BC9EB22-103F-439B-AC04-B33E9EAF7F3A}.Release|Any CPU.Build.0 = Release|Any CPU
		{C8BD068D-6298-4CBB-9B95-8EFB4A4DE4D4}.Debug|Any CPU.ActiveCfg = Debug|Any CPU
		{C8BD068D-6298-4CBB-9B95-8EFB4A4DE4D4}.Debug|Any CPU.Build.0 = Debug|Any CPU
		{C8BD068D-6298-4CBB-9B95-8EFB4A4DE4D4}.Release|Any CPU.ActiveCfg = Release|Any CPU
		{C8BD068D-6298-4CBB-9B95-8EFB4A4DE4D4}.Release|Any CPU.Build.0 = Release|Any CPU
		{56E6C525-1DA1-43F5-92EA-FC776CD30D5D}.Debug|Any CPU.ActiveCfg = Debug|Any CPU
		{56E6C525-1DA1-43F5-92EA-FC776CD30D5D}.Debug|Any CPU.Build.0 = Debug|Any CPU
		{56E6C525-1DA1-43F5-92EA-FC776CD30D5D}.Release|Any CPU.ActiveCfg = Release|Any CPU
		{56E6C525-1DA1-43F5-92EA-FC776CD30D5D}.Release|Any CPU.Build.0 = Release|Any CPU
		{3E0A0338-DA59-470F-8F51-0257264F4F70}.Debug|Any CPU.ActiveCfg = Debug|Any CPU
		{3E0A0338-DA59-470F-8F51-0257264F4F70}.Debug|Any CPU.Build.0 = Debug|Any CPU
		{3E0A0338-DA59-470F-8F51-0257264F4F70}.Release|Any CPU.ActiveCfg = Release|Any CPU
		{3E0A0338-DA59-470F-8F51-0257264F4F70}.Release|Any CPU.Build.0 = Release|Any CPU
		{94B751CE-73F7-433A-86F8-0DCE646E6BC9}.Debug|Any CPU.ActiveCfg = Debug|Any CPU
		{94B751CE-73F7-433A-86F8-0DCE646E6BC9}.Debug|Any CPU.Build.0 = Debug|Any CPU
		{94B751CE-73F7-433A-86F8-0DCE646E6BC9}.Release|Any CPU.ActiveCfg = Release|Any CPU
		{94B751CE-73F7-433A-86F8-0DCE646E6BC9}.Release|Any CPU.Build.0 = Release|Any CPU
	EndGlobalSection
	GlobalSection(SolutionProperties) = preSolution
		HideSolutionNode = FALSE
	EndGlobalSection
	GlobalSection(ExtensibilityGlobals) = postSolution
		SolutionGuid = {692B4981-9569-4544-8948-2CE486161E7E}
	EndGlobalSection
EndGlobal
